
Microsoft Visual Studio Solution File, Format Version 12.00
# Visual Studio 2013
VisualStudioVersion = 12.0.21005.1
MinimumVisualStudioVersion = 10.0.40219.1
Project("{8BC9CEB8-8B4A-11D0-8D11-00A0C91BC942}") = "test", "test.vcxproj", "{B5C02067-20A4-4F6A-8CD3-6765435E9674}"
	ProjectSection(ProjectDependencies) = postProject
		{8088D57F-7396-4437-9925-3F5F74E6D0DD} = {8088D57F-7396-4437-9925-3F5F74E6D0DD}
	EndProjectSection
EndProject
Project("{8BC9CEB8-8B4A-11D0-8D11-00A0C91BC942}") = "core", "..\..\..\core\projects\win32\core.vcxproj", "{8088D57F-7396-4437-9925-3F5F74E6D0DD}"
EndProject
Global
	GlobalSection(SolutionConfigurationPlatforms) = preSolution
		Debug|Win32 = Debug|Win32
		Release|Win32 = Release|Win32
	EndGlobalSection
	GlobalSection(ProjectConfigurationPlatforms) = postSolution
		{B5C02067-20A4-4F6A-8CD3-6765435E9674}.Debug|Win32.ActiveCfg = Debug|Win32
		{B5C02067-20A4-4F6A-8CD3-6765435E9674}.Debug|Win32.Build.0 = Debug|Win32
		{B5C02067-20A4-4F6A-8CD3-6765435E9674}.Release|Win32.ActiveCfg = Release|Win32
		{B5C02067-20A4-4F6A-8CD3-6765435E9674}.Release|Win32.Build.0 = Release|Win32
		{8088D57F-7396-4437-9925-3F5F74E6D0DD}.Debug|Win32.ActiveCfg = Debug|Win32
		{8088D57F-7396-4437-9925-3F5F74E6D0DD}.Debug|Win32.Build.0 = Debug|Win32
		{8088D57F-7396-4437-9925-3F5F74E6D0DD}.Release|Win32.ActiveCfg = Release|Win32
		{8088D57F-7396-4437-9925-3F5F74E6D0DD}.Release|Win32.Build.0 = Release|Win32
	EndGlobalSection
	GlobalSection(SolutionProperties) = preSolution
		HideSolutionNode = FALSE
	EndGlobalSection
EndGlobal
